{
  "requires": true,
  "lockfileVersion": 1,
  "dependencies": {
    "bluebird": {
      "version": "3.5.1",
      "resolved": "https://registry.npmjs.org/bluebird/-/bluebird-3.5.1.tgz",
      "integrity": "sha512-MKiLiV+I1AA596t9w1sQJ8jkiSr5+ZKi0WKrYGUn6d1Fx+Ij4tIj+m2WMQSGczs5jZVxV339chE8iwk6F64wjA=="
    },
    "easy": {
      "version": "8.2.10",
      "resolved": "https://registry.npmjs.org/easy/-/easy-8.2.10.tgz",
      "integrity": "sha512-EPoaVQfWX+EEP9RjvCcsdKmrjzPiyLJjO4xH+rFlxYuULQ8sdI848xqufCzXUOpupxkHkHhDPM3ySwpj1BKTRQ=="
    },
    "easyimage": {
      "version": "3.1.0",
      "resolved": "https://registry.npmjs.org/easyimage/-/easyimage-3.1.0.tgz",
      "integrity": "sha512-yycLx61oU5UOmIR3pVrv1fkoMKHurR2vPo74+iHs2aLkTdvpco0oiCX/ljeuM6VcUocXx7jijWsAupWHRI1e7A==",
      "requires": {
        "bluebird": "^3.5.1",
        "mkdirp": "^0.5.0",
        "nanoid": "^1.0.2",
        "tslib": "^1.8.1",
        "typescript": "^2.6.2"
      }
    },
    "jpeg": {
      "version": "2.0.0",
      "resolved": "https://registry.npmjs.org/jpeg/-/jpeg-2.0.0.tgz",
      "integrity": "sha1-PPblGvAIw/mOpnbN7EM4aUVNxjY="
    },
    "minimist": {
      "version": "0.0.8",
      "resolved": "https://registry.npmjs.org/minimist/-/minimist-0.0.8.tgz",
      "integrity": "sha1-hX/Kv8M5fSYluCKCYuhqp6ARsF0="
    },
    "mkdirp": {
      "version": "0.5.1",
      "resolved": "https://registry.npmjs.org/mkdirp/-/mkdirp-0.5.1.tgz",
      "integrity": "sha1-MAV0OOrGz3+MR2fzhkjWaX11yQM=",
      "requires": {
        "minimist": "0.0.8"
      }
    },
    "nanoid": {
      "version": "1.1.0",
      "resolved": "https://registry.npmjs.org/nanoid/-/nanoid-1.1.0.tgz",
      "integrity": "sha512-iOCqgXieGrk8/wDt1n9rZS2KB1dYVssemY0NTWjfzVr+1t1gAmdTp1u2+YHppKro3Bk5S+Gs+xmYCfpuXauYXQ=="
    },
    "png": {
      "version": "3.0.3",
      "resolved": "https://registry.npmjs.org/png/-/png-3.0.3.tgz",
      "integrity": "sha1-FQJJWLITWvVTSfYHY6Bmsk7Z4oM="
    },
    "tslib": {
      "version": "1.9.3",
      "resolved": "https://registry.npmjs.org/tslib/-/tslib-1.9.3.tgz",
      "integrity": "sha512-4krF8scpejhaOgqzBEcGM7yDIEfi0/8+8zDRZhNZZ2kjmHJ4hv3zCbQWxoJGz1iw5U0Jl0nma13xzHXcncMavQ=="
    },
    "typescript": {
      "version": "2.9.2",
      "resolved": "https://registry.npmjs.org/typescript/-/typescript-2.9.2.tgz",
      "integrity": "sha512-Gr4p6nFNaoufRIY4NMdpQRNmgxVIGMs4Fcu/ujdYk3nAZqk7supzBE9idmvfZIlH/Cuj//dvi+019qEue9lV0w=="
    }
  }
}
